
Microsoft Visual Studio Solution File, Format Version 12.00
# Visual Studio Version 16
VisualStudioVersion = 16.0.28803.202
MinimumVisualStudioVersion = 10.0.40219.1
Project("{FAE04EC0-301F-11D3-BF4B-00C04F79EFBC}") = "GettingStartedWithWebdriver", "GettingStartedWithWebdriver\GettingStartedWithWebdriver.csproj", "{58EFE391-5A40-4E56-B977-230327CE04FF}"
EndProject
Project("{2150E333-8FDC-42A3-9474-1A3956D46DE8}") = "01. Getting started with WebDriver", "01. Getting started with WebDriver", "{3F61FDB4-443E-40D2-A127-B5D1BBA26790}"
EndProject
Project("{2150E333-8FDC-42A3-9474-1A3956D46DE8}") = "02. WebDriver Locator - Id and Xpath", "02. WebDriver Locator - Id and Xpath", "{154AF9C1-EF2E-412E-8833-341631955FBF}"
EndProject
Project("{FAE04EC0-301F-11D3-BF4B-00C04F79EFBC}") = "LocateElement", "LocateElement\LocateElement.csproj", "{B19126F7-D34D-44F5-B948-8889D598DEEE}"
EndProject
Project("{2150E333-8FDC-42A3-9474-1A3956D46DE8}") = "03. WebDriver - Interacting with elements", "03. WebDriver - Interacting with elements", "{7536D381-BFF8-4D4E-960D-296A16090906}"
EndProject
Project("{FAE04EC0-301F-11D3-BF4B-00C04F79EFBC}") = "InteractingWithElements", "InteractingWithElements\InteractingWithElements.csproj", "{1B416552-E5DD-4CAB-B47B-1DD19E12F3D2}"
EndProject
Project("{2150E333-8FDC-42A3-9474-1A3956D46DE8}") = "04. Apply NUnit Framework to handle Test Script", "04. Apply NUnit Framework to handle Test Script", "{B6FAF184-D253-4167-BC28-041A8D0FE0A9}"
EndProject
Project("{FAE04EC0-301F-11D3-BF4B-00C04F79EFBC}") = "TestingWithNUnit", "TestingWithNUnit\TestingWithNUnit.csproj", "{2F211292-72F9-44FD-9801-83A7DF259CC5}"
EndProject
Project("{2150E333-8FDC-42A3-9474-1A3956D46DE8}") = "05. Understanding the property of Elements", "05. Understanding the property of Elements", "{E35BE9A7-9ECE-40F9-81BC-9A9BE6E5565F}"
EndProject
Project("{FAE04EC0-301F-11D3-BF4B-00C04F79EFBC}") = "VerifyAndAssert", "VerifyAndAssert\VerifyAndAssert.csproj", "{E3303D81-235D-4B10-845E-962BC4F0D14E}"
EndProject
Project("{2150E333-8FDC-42A3-9474-1A3956D46DE8}") = "06. Apply Page Object Model", "06. Apply Page Object Model", "{C749C0BF-9CB5-45C7-A4FD-88E861A816CE}"
EndProject
Project("{FAE04EC0-301F-11D3-BF4B-00C04F79EFBC}") = "PageObjectModel", "PageObjectModel\PageObjectModel.csproj", "{26651EAE-BAE8-45FE-9D6E-5AD19CD0F9F3}"
EndProject
Project("{2150E333-8FDC-42A3-9474-1A3956D46DE8}") = "07. Improved Page Object Model and Partial Class", "07. Improved Page Object Model and Partial Class", "{425476B2-E5B1-4E74-BB07-1633FD2C4830}"
EndProject
Project("{FAE04EC0-301F-11D3-BF4B-00C04F79EFBC}") = "PageObjectWithPartialClass", "PageObjectWithPartialClass\PageObjectWithPartialClass.csproj", "{6255F873-583E-4747-B249-33C9AA657BAD}"
EndProject
Project("{2150E333-8FDC-42A3-9474-1A3956D46DE8}") = "08. Using Fluent API and Singleton", "08. Using Fluent API and Singleton", "{0E60D468-D661-467B-91FF-98E78E85A5FA}"
EndProject
Project("{FAE04EC0-301F-11D3-BF4B-00C04F79EFBC}") = "MoreFluentAndApplySingleton", "MoreFluentAndApplySingleton\MoreFluentAndApplySingleton.csproj", "{57CFFAE2-CEB6-438C-9665-15195EAEA856}"
EndProject
Project("{FAE04EC0-301F-11D3-BF4B-00C04F79EFBC}") = "WorkingWithTextbox", "WorkingWithTextbox\WorkingWithTextbox.csproj", "{9E9B911F-8BD7-4208-9857-EE21BDEC7082}"
EndProject
Project("{FAE04EC0-301F-11D3-BF4B-00C04F79EFBC}") = "WorkingWithButton", "WorkingWithButton\WorkingWithButton.csproj", "{C45D2BF7-0F76-42CF-9E7E-0CA49A1E78E8}"
EndProject
Project("{FAE04EC0-301F-11D3-BF4B-00C04F79EFBC}") = "WorkingWithDropdownList", "WorkingWithDropdownList\WorkingWithDropdownList.csproj", "{D7C32911-9873-4C12-82E4-86DB0A95671D}"
EndProject
Project("{FAE04EC0-301F-11D3-BF4B-00C04F79EFBC}") = "WorkingWithCheckbox", "WorkingWithCheckbox\WorkingWithCheckbox.csproj", "{370768C7-E368-48A9-B4E9-52A5E6764E3F}"
EndProject
Global
	GlobalSection(SolutionConfigurationPlatforms) = preSolution
		Debug|Any CPU = Debug|Any CPU
		Release|Any CPU = Release|Any CPU
	EndGlobalSection
	GlobalSection(ProjectConfigurationPlatforms) = postSolution
		{58EFE391-5A40-4E56-B977-230327CE04FF}.Debug|Any CPU.ActiveCfg = Debug|Any CPU
		{58EFE391-5A40-4E56-B977-230327CE04FF}.Debug|Any CPU.Build.0 = Debug|Any CPU
		{58EFE391-5A40-4E56-B977-230327CE04FF}.Release|Any CPU.ActiveCfg = Release|Any CPU
		{58EFE391-5A40-4E56-B977-230327CE04FF}.Release|Any CPU.Build.0 = Release|Any CPU
		{B19126F7-D34D-44F5-B948-8889D598DEEE}.Debug|Any CPU.ActiveCfg = Debug|Any CPU
		{B19126F7-D34D-44F5-B948-8889D598DEEE}.Debug|Any CPU.Build.0 = Debug|Any CPU
		{B19126F7-D34D-44F5-B948-8889D598DEEE}.Release|Any CPU.ActiveCfg = Release|Any CPU
		{B19126F7-D34D-44F5-B948-8889D598DEEE}.Release|Any CPU.Build.0 = Release|Any CPU
		{1B416552-E5DD-4CAB-B47B-1DD19E12F3D2}.Debug|Any CPU.ActiveCfg = Debug|Any CPU
		{1B416552-E5DD-4CAB-B47B-1DD19E12F3D2}.Debug|Any CPU.Build.0 = Debug|Any CPU
		{1B416552-E5DD-4CAB-B47B-1DD19E12F3D2}.Release|Any CPU.ActiveCfg = Release|Any CPU
		{1B416552-E5DD-4CAB-B47B-1DD19E12F3D2}.Release|Any CPU.Build.0 = Release|Any CPU
		{2F211292-72F9-44FD-9801-83A7DF259CC5}.Debug|Any CPU.ActiveCfg = Debug|Any CPU
		{2F211292-72F9-44FD-9801-83A7DF259CC5}.Debug|Any CPU.Build.0 = Debug|Any CPU
		{2F211292-72F9-44FD-9801-83A7DF259CC5}.Release|Any CPU.ActiveCfg = Release|Any CPU
		{2F211292-72F9-44FD-9801-83A7DF259CC5}.Release|Any CPU.Build.0 = Release|Any CPU
		{E3303D81-235D-4B10-845E-962BC4F0D14E}.Debug|Any CPU.ActiveCfg = Debug|Any CPU
		{E3303D81-235D-4B10-845E-962BC4F0D14E}.Debug|Any CPU.Build.0 = Debug|Any CPU
		{E3303D81-235D-4B10-845E-962BC4F0D14E}.Release|Any CPU.ActiveCfg = Release|Any CPU
		{E3303D81-235D-4B10-845E-962BC4F0D14E}.Release|Any CPU.Build.0 = Release|Any CPU
		{26651EAE-BAE8-45FE-9D6E-5AD19CD0F9F3}.Debug|Any CPU.ActiveCfg = Debug|Any CPU
		{26651EAE-BAE8-45FE-9D6E-5AD19CD0F9F3}.Debug|Any CPU.Build.0 = Debug|Any CPU
		{26651EAE-BAE8-45FE-9D6E-5AD19CD0F9F3}.Release|Any CPU.ActiveCfg = Release|Any CPU
		{26651EAE-BAE8-45FE-9D6E-5AD19CD0F9F3}.Release|Any CPU.Build.0 = Release|Any CPU
		{6255F873-583E-4747-B249-33C9AA657BAD}.Debug|Any CPU.ActiveCfg = Debug|Any CPU
		{6255F873-583E-4747-B249-33C9AA657BAD}.Debug|Any CPU.Build.0 = Debug|Any CPU
		{6255F873-583E-4747-B249-33C9AA657BAD}.Release|Any CPU.ActiveCfg = Release|Any CPU
		{6255F873-583E-4747-B249-33C9AA657BAD}.Release|Any CPU.Build.0 = Release|Any CPU
		{57CFFAE2-CEB6-438C-9665-15195EAEA856}.Debug|Any CPU.ActiveCfg = Debug|Any CPU
		{57CFFAE2-CEB6-438C-9665-15195EAEA856}.Debug|Any CPU.Build.0 = Debug|Any CPU
		{57CFFAE2-CEB6-438C-9665-15195EAEA856}.Release|Any CPU.ActiveCfg = Release|Any CPU
		{57CFFAE2-CEB6-438C-9665-15195EAEA856}.Release|Any CPU.Build.0 = Release|Any CPU
		{9E9B911F-8BD7-4208-9857-EE21BDEC7082}.Debug|Any CPU.ActiveCfg = Debug|Any CPU
		{9E9B911F-8BD7-4208-9857-EE21BDEC7082}.Debug|Any CPU.Build.0 = Debug|Any CPU
		{9E9B911F-8BD7-4208-9857-EE21BDEC7082}.Release|Any CPU.ActiveCfg = Release|Any CPU
		{9E9B911F-8BD7-4208-9857-EE21BDEC7082}.Release|Any CPU.Build.0 = Release|Any CPU
		{C45D2BF7-0F76-42CF-9E7E-0CA49A1E78E8}.Debug|Any CPU.ActiveCfg = Debug|Any CPU
		{C45D2BF7-0F76-42CF-9E7E-0CA49A1E78E8}.Debug|Any CPU.Build.0 = Debug|Any CPU
		{C45D2BF7-0F76-42CF-9E7E-0CA49A1E78E8}.Release|Any CPU.ActiveCfg = Release|Any CPU
		{C45D2BF7-0F76-42CF-9E7E-0CA49A1E78E8}.Release|Any CPU.Build.0 = Release|Any CPU
		{D7C32911-9873-4C12-82E4-86DB0A95671D}.Debug|Any CPU.ActiveCfg = Debug|Any CPU
		{D7C32911-9873-4C12-82E4-86DB0A95671D}.Debug|Any CPU.Build.0 = Debug|Any CPU
		{D7C32911-9873-4C12-82E4-86DB0A95671D}.Release|Any CPU.ActiveCfg = Release|Any CPU
		{D7C32911-9873-4C12-82E4-86DB0A95671D}.Release|Any CPU.Build.0 = Release|Any CPU
		{370768C7-E368-48A9-B4E9-52A5E6764E3F}.Debug|Any CPU.ActiveCfg = Debug|Any CPU
		{370768C7-E368-48A9-B4E9-52A5E6764E3F}.Debug|Any CPU.Build.0 = Debug|Any CPU
		{370768C7-E368-48A9-B4E9-52A5E6764E3F}.Release|Any CPU.ActiveCfg = Release|Any CPU
		{370768C7-E368-48A9-B4E9-52A5E6764E3F}.Release|Any CPU.Build.0 = Release|Any CPU
	EndGlobalSection
	GlobalSection(SolutionProperties) = preSolution
		HideSolutionNode = FALSE
	EndGlobalSection
	GlobalSection(NestedProjects) = preSolution
		{58EFE391-5A40-4E56-B977-230327CE04FF} = {3F61FDB4-443E-40D2-A127-B5D1BBA26790}
		{B19126F7-D34D-44F5-B948-8889D598DEEE} = {154AF9C1-EF2E-412E-8833-341631955FBF}
		{1B416552-E5DD-4CAB-B47B-1DD19E12F3D2} = {7536D381-BFF8-4D4E-960D-296A16090906}
		{2F211292-72F9-44FD-9801-83A7DF259CC5} = {B6FAF184-D253-4167-BC28-041A8D0FE0A9}
		{E3303D81-235D-4B10-845E-962BC4F0D14E} = {E35BE9A7-9ECE-40F9-81BC-9A9BE6E5565F}
		{26651EAE-BAE8-45FE-9D6E-5AD19CD0F9F3} = {C749C0BF-9CB5-45C7-A4FD-88E861A816CE}
		{6255F873-583E-4747-B249-33C9AA657BAD} = {425476B2-E5B1-4E74-BB07-1633FD2C4830}
		{57CFFAE2-CEB6-438C-9665-15195EAEA856} = {0E60D468-D661-467B-91FF-98E78E85A5FA}
		{9E9B911F-8BD7-4208-9857-EE21BDEC7082} = {7536D381-BFF8-4D4E-960D-296A16090906}
		{C45D2BF7-0F76-42CF-9E7E-0CA49A1E78E8} = {7536D381-BFF8-4D4E-960D-296A16090906}
		{D7C32911-9873-4C12-82E4-86DB0A95671D} = {7536D381-BFF8-4D4E-960D-296A16090906}
		{370768C7-E368-48A9-B4E9-52A5E6764E3F} = {7536D381-BFF8-4D4E-960D-296A16090906}
	EndGlobalSection
	GlobalSection(ExtensibilityGlobals) = postSolution
		SolutionGuid = {3FF428A7-5060-4C4D-9D62-886D64C98CBA}
	EndGlobalSection
EndGlobal
